
Microsoft Visual Studio Solution File, Format Version 12.00
# Visual Studio Version 16
VisualStudioVersion = 16.0.809.3
MinimumVisualStudioVersion = 10.0.40219.1
Project("{FAE04EC0-301F-11D3-BF4B-00C04F79EFBC}") = "AltusGroup.OrderSystem.Web", "AltusGroup.OrderSystem.Web\AltusGroup.OrderSystem.Web.csproj", "{D077A63D-A8F4-40A3-9F20-4E0F6B568044}"
EndProject
Project("{FAE04EC0-301F-11D3-BF4B-00C04F79EFBC}") = "AltusGroup.OrderSystem.Api", "AltusGroup.OrderSystem.Api\AltusGroup.OrderSystem.Api.csproj", "{B8D60A6C-9A6F-49FF-AE87-23C7988098E4}"
EndProject
Global
	GlobalSection(SolutionConfigurationPlatforms) = preSolution
		Debug|Any CPU = Debug|Any CPU
		Release|Any CPU = Release|Any CPU
	EndGlobalSection
	GlobalSection(ProjectConfigurationPlatforms) = postSolution
		{D077A63D-A8F4-40A3-9F20-4E0F6B568044}.Debug|Any CPU.ActiveCfg = Debug|Any CPU
		{D077A63D-A8F4-40A3-9F20-4E0F6B568044}.Debug|Any CPU.Build.0 = Debug|Any CPU
		{D077A63D-A8F4-40A3-9F20-4E0F6B568044}.Release|Any CPU.ActiveCfg = Release|Any CPU
		{D077A63D-A8F4-40A3-9F20-4E0F6B568044}.Release|Any CPU.Build.0 = Release|Any CPU
		{B8D60A6C-9A6F-49FF-AE87-23C7988098E4}.Debug|Any CPU.ActiveCfg = Debug|Any CPU
		{B8D60A6C-9A6F-49FF-AE87-23C7988098E4}.Debug|Any CPU.Build.0 = Debug|Any CPU
		{B8D60A6C-9A6F-49FF-AE87-23C7988098E4}.Release|Any CPU.ActiveCfg = Release|Any CPU
		{B8D60A6C-9A6F-49FF-AE87-23C7988098E4}.Release|Any CPU.Build.0 = Release|Any CPU
	EndGlobalSection
	GlobalSection(SolutionProperties) = preSolution
		HideSolutionNode = FALSE
	EndGlobalSection
	GlobalSection(ExtensibilityGlobals) = postSolution
		SolutionGuid = {047F8502-7A83-45F9-8EBB-EAA6C13584F7}
	EndGlobalSection
EndGlobal
